// !$*UTF8*$!
{
	archiveVersion = 1;
	classes = {
	};
	objectVersion = 55;
	objects = {

/* Begin PBXBuildFile section */
		C437CE042856510F00A8A3AB /* TuiraApp.swift in Sources */ = {isa = PBXBuildFile; fileRef = C437CE032856510F00A8A3AB /* TuiraApp.swift */; };
		C437CE062856510F00A8A3AB /* ContentView.swift in Sources */ = {isa = PBXBuildFile; fileRef = C437CE052856510F00A8A3AB /* ContentView.swift */; };
		C437CE082856510F00A8A3AB /* Assets.xcassets in Resources */ = {isa = PBXBuildFile; fileRef = C437CE072856510F00A8A3AB /* Assets.xcassets */; };
		C437CE0B2856511000A8A3AB /* Preview Assets.xcassets in Resources */ = {isa = PBXBuildFile; fileRef = C437CE0A2856511000A8A3AB /* Preview Assets.xcassets */; };
		C437CE132856516B00A8A3AB /* User.swift in Sources */ = {isa = PBXBuildFile; fileRef = C437CE122856516B00A8A3AB /* User.swift */; };
		C437CE152856525200A8A3AB /* Tweet.swift in Sources */ = {isa = PBXBuildFile; fileRef = C437CE142856525200A8A3AB /* Tweet.swift */; };
		C437CE172856542900A8A3AB /* TweetDatabase.swift in Sources */ = {isa = PBXBuildFile; fileRef = C437CE162856542900A8A3AB /* TweetDatabase.swift */; };
		C437CE1A28565E5200A8A3AB /* Builder.swift in Sources */ = {isa = PBXBuildFile; fileRef = C437CE1928565E5200A8A3AB /* Builder.swift */; };
		C437CE1C2856610500A8A3AB /* TweetBuilder.swift in Sources */ = {isa = PBXBuildFile; fileRef = C437CE1B2856610500A8A3AB /* TweetBuilder.swift */; };
		C437CE1E28568A5900A8A3AB /* TweetDirector.swift in Sources */ = {isa = PBXBuildFile; fileRef = C437CE1D28568A5900A8A3AB /* TweetDirector.swift */; };
		C472D76E285B203E0073B5E1 /* TweetText.swift in Sources */ = {isa = PBXBuildFile; fileRef = C472D76D285B203E0073B5E1 /* TweetText.swift */; };
		C472D770285B20F70073B5E1 /* Colors.xcassets in Resources */ = {isa = PBXBuildFile; fileRef = C472D76F285B20F70073B5E1 /* Colors.xcassets */; };
		C472D772285B22220073B5E1 /* ColorExtension.swift in Sources */ = {isa = PBXBuildFile; fileRef = C472D771285B22220073B5E1 /* ColorExtension.swift */; };
		C472D774285B24FD0073B5E1 /* TweetView.swift in Sources */ = {isa = PBXBuildFile; fileRef = C472D773285B24FD0073B5E1 /* TweetView.swift */; };
		C472D776285B425B0073B5E1 /* TabbarButton.swift in Sources */ = {isa = PBXBuildFile; fileRef = C472D775285B425B0073B5E1 /* TabbarButton.swift */; };
		C472D778285C1BBC0073B5E1 /* DateExtension.swift in Sources */ = {isa = PBXBuildFile; fileRef = C472D777285C1BBC0073B5E1 /* DateExtension.swift */; };
		C4E4AD772857AE6700B743F5 /* ActionsView.swift in Sources */ = {isa = PBXBuildFile; fileRef = C4E4AD762857AE6700B743F5 /* ActionsView.swift */; };
/* End PBXBuildFile section */

/* Begin PBXFileReference section */
		C437CE002856510F00A8A3AB /* Tuira.app */ = {isa = PBXFileReference; explicitFileType = wrapper.application; includeInIndex = 0; path = Tuira.app; sourceTree = BUILT_PRODUCTS_DIR; };
		C437CE032856510F00A8A3AB /* TuiraApp.swift */ = {isa = PBXFileReference; lastKnownFileType = sourcecode.swift; path = TuiraApp.swift; sourceTree = "<group>"; };
		C437CE052856510F00A8A3AB /* ContentView.swift */ = {isa = PBXFileReference; lastKnownFileType = sourcecode.swift; path = ContentView.swift; sourceTree = "<group>"; };
		C437CE072856510F00A8A3AB /* Assets.xcassets */ = {isa = PBXFileReference; lastKnownFileType = folder.assetcatalog; path = Assets.xcassets; sourceTree = "<group>"; };
		C437CE0A2856511000A8A3AB /* Preview Assets.xcassets */ = {isa = PBXFileReference; lastKnownFileType = folder.assetcatalog; path = "Preview Assets.xcassets"; sourceTree = "<group>"; };
		C437CE122856516B00A8A3AB /* User.swift */ = {isa = PBXFileReference; lastKnownFileType = sourcecode.swift; path = User.swift; sourceTree = "<group>"; };
		C437CE142856525200A8A3AB /* Tweet.swift */ = {isa = PBXFileReference; lastKnownFileType = sourcecode.swift; path = Tweet.swift; sourceTree = "<group>"; };
		C437CE162856542900A8A3AB /* TweetDatabase.swift */ = {isa = PBXFileReference; lastKnownFileType = sourcecode.swift; path = TweetDatabase.swift; sourceTree = "<group>"; };
		C437CE1928565E5200A8A3AB /* Builder.swift */ = {isa = PBXFileReference; lastKnownFileType = sourcecode.swift; path = Builder.swift; sourceTree = "<group>"; };
		C437CE1B2856610500A8A3AB /* TweetBuilder.swift */ = {isa = PBXFileReference; lastKnownFileType = sourcecode.swift; path = TweetBuilder.swift; sourceTree = "<group>"; };
		C437CE1D28568A5900A8A3AB /* TweetDirector.swift */ = {isa = PBXFileReference; lastKnownFileType = sourcecode.swift; path = TweetDirector.swift; sourceTree = "<group>"; };
		C472D76D285B203E0073B5E1 /* TweetText.swift */ = {isa = PBXFileReference; lastKnownFileType = sourcecode.swift; path = TweetText.swift; sourceTree = "<group>"; };
		C472D76F285B20F70073B5E1 /* Colors.xcassets */ = {isa = PBXFileReference; lastKnownFileType = folder.assetcatalog; path = Colors.xcassets; sourceTree = "<group>"; };
		C472D771285B22220073B5E1 /* ColorExtension.swift */ = {isa = PBXFileReference; lastKnownFileType = sourcecode.swift; path = ColorExtension.swift; sourceTree = "<group>"; };
		C472D773285B24FD0073B5E1 /* TweetView.swift */ = {isa = PBXFileReference; lastKnownFileType = sourcecode.swift; path = TweetView.swift; sourceTree = "<group>"; };
		C472D775285B425B0073B5E1 /* TabbarButton.swift */ = {isa = PBXFileReference; lastKnownFileType = sourcecode.swift; path = TabbarButton.swift; sourceTree = "<group>"; };
		C472D777285C1BBC0073B5E1 /* DateExtension.swift */ = {isa = PBXFileReference; lastKnownFileType = sourcecode.swift; path = DateExtension.swift; sourceTree = "<group>"; };
		C4E4AD762857AE6700B743F5 /* ActionsView.swift */ = {isa = PBXFileReference; lastKnownFileType = sourcecode.swift; path = ActionsView.swift; sourceTree = "<group>"; };
/* End PBXFileReference section */

/* Begin PBXFrameworksBuildPhase section */
		C437CDFD2856510F00A8A3AB /* Frameworks */ = {
			isa = PBXFrameworksBuildPhase;
			buildActionMask = 2147483647;
			files = (
			);
			runOnlyForDeploymentPostprocessing = 0;
		};
/* End PBXFrameworksBuildPhase section */

/* Begin PBXGroup section */
		C437CDF72856510F00A8A3AB = {
			isa = PBXGroup;
			children = (
				C437CE022856510F00A8A3AB /* Tuira */,
				C437CE012856510F00A8A3AB /* Products */,
			);
			sourceTree = "<group>";
		};
		C437CE012856510F00A8A3AB /* Products */ = {
			isa = PBXGroup;
			children = (
				C437CE002856510F00A8A3AB /* Tuira.app */,
			);
			name = Products;
			sourceTree = "<group>";
		};
		C437CE022856510F00A8A3AB /* Tuira */ = {
			isa = PBXGroup;
			children = (
				C437CE182856565500A8A3AB /* Components */,
				C437CE112856514E00A8A3AB /* Models */,
				C437CE032856510F00A8A3AB /* TuiraApp.swift */,
				C437CE052856510F00A8A3AB /* ContentView.swift */,
				C437CE072856510F00A8A3AB /* Assets.xcassets */,
				C472D76F285B20F70073B5E1 /* Colors.xcassets */,
				C437CE092856511000A8A3AB /* Preview Content */,
				C472D771285B22220073B5E1 /* ColorExtension.swift */,
				C472D777285C1BBC0073B5E1 /* DateExtension.swift */,
			);
			path = Tuira;
			sourceTree = "<group>";
		};
		C437CE092856511000A8A3AB /* Preview Content */ = {
			isa = PBXGroup;
			children = (
				C437CE0A2856511000A8A3AB /* Preview Assets.xcassets */,
			);
			path = "Preview Content";
			sourceTree = "<group>";
		};
		C437CE112856514E00A8A3AB /* Models */ = {
			isa = PBXGroup;
			children = (
				C437CE122856516B00A8A3AB /* User.swift */,
				C437CE142856525200A8A3AB /* Tweet.swift */,
				C437CE162856542900A8A3AB /* TweetDatabase.swift */,
				C437CE1928565E5200A8A3AB /* Builder.swift */,
				C437CE1B2856610500A8A3AB /* TweetBuilder.swift */,
				C437CE1D28568A5900A8A3AB /* TweetDirector.swift */,
			);
			path = Models;
			sourceTree = "<group>";
		};
		C437CE182856565500A8A3AB /* Components */ = {
			isa = PBXGroup;
			children = (
				C4E4AD762857AE6700B743F5 /* ActionsView.swift */,
				C472D76D285B203E0073B5E1 /* TweetText.swift */,
				C472D773285B24FD0073B5E1 /* TweetView.swift */,
				C472D775285B425B0073B5E1 /* TabbarButton.swift */,
			);
			path = Components;
			sourceTree = "<group>";
		};
/* End PBXGroup section */

/* Begin PBXNativeTarget section */
		C437CDFF2856510F00A8A3AB /* Tuira */ = {
			isa = PBXNativeTarget;
			buildConfigurationList = C437CE0E2856511000A8A3AB /* Build configuration list for PBXNativeTarget "Tuira" */;
			buildPhases = (
				C437CDFC2856510F00A8A3AB /* Sources */,
				C437CDFD2856510F00A8A3AB /* Frameworks */,
				C437CDFE2856510F00A8A3AB /* Resources */,
			);
			buildRules = (
			);
			dependencies = (
			);
			name = Tuira;
			productName = Tuira;
			productReference = C437CE002856510F00A8A3AB /* Tuira.app */;
			productType = "com.apple.product-type.application";
		};
/* End PBXNativeTarget section */

/* Begin PBXProject section */
		C437CDF82856510F00A8A3AB /* Project object */ = {
			isa = PBXProject;
			attributes = {
				BuildIndependentTargetsInParallel = 1;
				LastSwiftUpdateCheck = 1330;
				LastUpgradeCheck = 1330;
				TargetAttributes = {
					C437CDFF2856510F00A8A3AB = {
						CreatedOnToolsVersion = 13.3.1;
					};
				};
			};
			buildConfigurationList = C437CDFB2856510F00A8A3AB /* Build configuration list for PBXProject "Tuira" */;
			compatibilityVersion = "Xcode 13.0";
			developmentRegion = en;
			hasScannedForEncodings = 0;
			knownRegions = (
				en,
				Base,
			);
			mainGroup = C437CDF72856510F00A8A3AB;
			productRefGroup = C437CE012856510F00A8A3AB /* Products */;
			projectDirPath = "";
			projectRoot = "";
			targets = (
				C437CDFF2856510F00A8A3AB /* Tuira */,
			);
		};
/* End PBXProject section */

/* Begin PBXResourcesBuildPhase section */
		C437CDFE2856510F00A8A3AB /* Resources */ = {
			isa = PBXResourcesBuildPhase;
			buildActionMask = 2147483647;
			files = (
				C472D770285B20F70073B5E1 /* Colors.xcassets in Resources */,
				C437CE0B2856511000A8A3AB /* Preview Assets.xcassets in Resources */,
				C437CE082856510F00A8A3AB /* Assets.xcassets in Resources */,
			);
			runOnlyForDeploymentPostprocessing = 0;
		};
/* End PBXResourcesBuildPhase section */

/* Begin PBXSourcesBuildPhase section */
		C437CDFC2856510F00A8A3AB /* Sources */ = {
			isa = PBXSourcesBuildPhase;
			buildActionMask = 2147483647;
			files = (
				C437CE062856510F00A8A3AB /* ContentView.swift in Sources */,
				C472D778285C1BBC0073B5E1 /* DateExtension.swift in Sources */,
				C437CE1C2856610500A8A3AB /* TweetBuilder.swift in Sources */,
				C437CE042856510F00A8A3AB /* TuiraApp.swift in Sources */,
				C437CE1E28568A5900A8A3AB /* TweetDirector.swift in Sources */,
				C4E4AD772857AE6700B743F5 /* ActionsView.swift in Sources */,
				C437CE172856542900A8A3AB /* TweetDatabase.swift in Sources */,
				C437CE132856516B00A8A3AB /* User.swift in Sources */,
				C437CE152856525200A8A3AB /* Tweet.swift in Sources */,
				C472D76E285B203E0073B5E1 /* TweetText.swift in Sources */,
				C472D776285B425B0073B5E1 /* TabbarButton.swift in Sources */,
				C472D772285B22220073B5E1 /* ColorExtension.swift in Sources */,
				C472D774285B24FD0073B5E1 /* TweetView.swift in Sources */,
				C437CE1A28565E5200A8A3AB /* Builder.swift in Sources */,
			);
			runOnlyForDeploymentPostprocessing = 0;
		};
/* End PBXSourcesBuildPhase section */

/* Begin XCBuildConfiguration section */
		C437CE0C2856511000A8A3AB /* Debug */ = {
			isa = XCBuildConfiguration;
			buildSettings = {
				ALWAYS_SEARCH_USER_PATHS = NO;
				CLANG_ANALYZER_NONNULL = YES;
				CLANG_ANALYZER_NUMBER_OBJECT_CONVERSION = YES_AGGRESSIVE;
				CLANG_CXX_LANGUAGE_STANDARD = "gnu++17";
				CLANG_ENABLE_MODULES = YES;
				CLANG_ENABLE_OBJC_ARC = YES;
				CLANG_ENABLE_OBJC_WEAK = YES;
				CLANG_WARN_BLOCK_CAPTURE_AUTORELEASING = YES;
				CLANG_WARN_BOOL_CONVERSION = YES;
				CLANG_WARN_COMMA = YES;
				CLANG_WARN_CONSTANT_CONVERSION = YES;
				CLANG_WARN_DEPRECATED_OBJC_IMPLEMENTATIONS = YES;
				CLANG_WARN_DIRECT_OBJC_ISA_USAGE = YES_ERROR;
				CLANG_WARN_DOCUMENTATION_COMMENTS = YES;
				CLANG_WARN_EMPTY_BODY = YES;
				CLANG_WARN_ENUM_CONVERSION = YES;
				CLANG_WARN_INFINITE_RECURSION = YES;
				CLANG_WARN_INT_CONVERSION = YES;
				CLANG_WARN_NON_LITERAL_NULL_CONVERSION = YES;
				CLANG_WARN_OBJC_IMPLICIT_RETAIN_SELF = YES;
				CLANG_WARN_OBJC_LITERAL_CONVERSION = YES;
				CLANG_WARN_OBJC_ROOT_CLASS = YES_ERROR;
				CLANG_WARN_QUOTED_INCLUDE_IN_FRAMEWORK_HEADER = YES;
				CLANG_WARN_RANGE_LOOP_ANALYSIS = YES;
				CLANG_WARN_STRICT_PROTOTYPES = YES;
				CLANG_WARN_SUSPICIOUS_MOVE = YES;
				CLANG_WARN_UNGUARDED_AVAILABILITY = YES_AGGRESSIVE;
				CLANG_WARN_UNREACHABLE_CODE = YES;
				CLANG_WARN__DUPLICATE_METHOD_MATCH = YES;
				COPY_PHASE_STRIP = NO;
				DEBUG_INFORMATION_FORMAT = dwarf;
				ENABLE_STRICT_OBJC_MSGSEND = YES;
				ENABLE_TESTABILITY = YES;
				GCC_C_LANGUAGE_STANDARD = gnu11;
				GCC_DYNAMIC_NO_PIC = NO;
				GCC_NO_COMMON_BLOCKS = YES;
				GCC_OPTIMIZATION_LEVEL = 0;
				GCC_PREPROCESSOR_DEFINITIONS = (
					"DEBUG=1",
					"$(inherited)",
				);
				GCC_WARN_64_TO_32_BIT_CONVERSION = YES;
				GCC_WARN_ABOUT_RETURN_TYPE = YES_ERROR;
				GCC_WARN_UNDECLARED_SELECTOR = YES;
				GCC_WARN_UNINITIALIZED_AUTOS = YES_AGGRESSIVE;
				GCC_WARN_UNUSED_FUNCTION = YES;
				GCC_WARN_UNUSED_VARIABLE = YES;
				IPHONEOS_DEPLOYMENT_TARGET = 15.4;
				MTL_ENABLE_DEBUG_INFO = INCLUDE_SOURCE;
				MTL_FAST_MATH = YES;
				ONLY_ACTIVE_ARCH = YES;
				SDKROOT = iphoneos;
				SWIFT_ACTIVE_COMPILATION_CONDITIONS = DEBUG;
				SWIFT_OPTIMIZATION_LEVEL = "-Onone";
			};
			name = Debug;
		};
		C437CE0D2856511000A8A3AB /* Release */ = {
			isa = XCBuildConfiguration;
			buildSettings = {
				ALWAYS_SEARCH_USER_PATHS = NO;
				CLANG_ANALYZER_NONNULL = YES;
				CLANG_ANALYZER_NUMBER_OBJECT_CONVERSION = YES_AGGRESSIVE;
				CLANG_CXX_LANGUAGE_STANDARD = "gnu++17";
				CLANG_ENABLE_MODULES = YES;
				CLANG_ENABLE_OBJC_ARC = YES;
				CLANG_ENABLE_OBJC_WEAK = YES;
				CLANG_WARN_BLOCK_CAPTURE_AUTORELEASING = YES;
				CLANG_WARN_BOOL_CONVERSION = YES;
				CLANG_WARN_COMMA = YES;
				CLANG_WARN_CONSTANT_CONVERSION = YES;
				CLANG_WARN_DEPRECATED_OBJC_IMPLEMENTATIONS = YES;
				CLANG_WARN_DIRECT_OBJC_ISA_USAGE = YES_ERROR;
				CLANG_WARN_DOCUMENTATION_COMMENTS = YES;
				CLANG_WARN_EMPTY_BODY = YES;
				CLANG_WARN_ENUM_CONVERSION = YES;
				CLANG_WARN_INFINITE_RECURSION = YES;
				CLANG_WARN_INT_CONVERSION = YES;
				CLANG_WARN_NON_LITERAL_NULL_CONVERSION = YES;
				CLANG_WARN_OBJC_IMPLICIT_RETAIN_SELF = YES;
				CLANG_WARN_OBJC_LITERAL_CONVERSION = YES;
				CLANG_WARN_OBJC_ROOT_CLASS = YES_ERROR;
				CLANG_WARN_QUOTED_INCLUDE_IN_FRAMEWORK_HEADER = YES;
				CLANG_WARN_RANGE_LOOP_ANALYSIS = YES;
				CLANG_WARN_STRICT_PROTOTYPES = YES;
				CLANG_WARN_SUSPICIOUS_MOVE = YES;
				CLANG_WARN_UNGUARDED_AVAILABILITY = YES_AGGRESSIVE;
				CLANG_WARN_UNREACHABLE_CODE = YES;
				CLANG_WARN__DUPLICATE_METHOD_MATCH = YES;
				COPY_PHASE_STRIP = NO;
				DEBUG_INFORMATION_FORMAT = "dwarf-with-dsym";
				ENABLE_NS_ASSERTIONS = NO;
				ENABLE_STRICT_OBJC_MSGSEND = YES;
				GCC_C_LANGUAGE_STANDARD = gnu11;
				GCC_NO_COMMON_BLOCKS = YES;
				GCC_WARN_64_TO_32_BIT_CONVERSION = YES;
				GCC_WARN_ABOUT_RETURN_TYPE = YES_ERROR;
				GCC_WARN_UNDECLARED_SELECTOR = YES;
				GCC_WARN_UNINITIALIZED_AUTOS = YES_AGGRESSIVE;
				GCC_WARN_UNUSED_FUNCTION = YES;
				GCC_WARN_UNUSED_VARIABLE = YES;
				IPHONEOS_DEPLOYMENT_TARGET = 15.4;
				MTL_ENABLE_DEBUG_INFO = NO;
				MTL_FAST_MATH = YES;
				SDKROOT = iphoneos;
				SWIFT_COMPILATION_MODE = wholemodule;
				SWIFT_OPTIMIZATION_LEVEL = "-O";
				VALIDATE_PRODUCT = YES;
			};
			name = Release;
		};
		C437CE0F2856511000A8A3AB /* Debug */ = {
			isa = XCBuildConfiguration;
			buildSettings = {
				ASSETCATALOG_COMPILER_APPICON_NAME = AppIcon;
				ASSETCATALOG_COMPILER_GLOBAL_ACCENT_COLOR_NAME = AccentColor;
				CODE_SIGN_STYLE = Automatic;
				CURRENT_PROJECT_VERSION = 1;
				DEVELOPMENT_ASSET_PATHS = "\"Tuira/Preview Content\"";
				DEVELOPMENT_TEAM = GZPNWT798Z;
				ENABLE_PREVIEWS = YES;
				GENERATE_INFOPLIST_FILE = YES;
				INFOPLIST_KEY_UIApplicationSceneManifest_Generation = YES;
				INFOPLIST_KEY_UIApplicationSupportsIndirectInputEvents = YES;
				INFOPLIST_KEY_UILaunchScreen_Generation = YES;
				INFOPLIST_KEY_UISupportedInterfaceOrientations_iPad = "UIInterfaceOrientationPortrait UIInterfaceOrientationPortraitUpsideDown UIInterfaceOrientationLandscapeLeft UIInterfaceOrientationLandscapeRight";
				INFOPLIST_KEY_UISupportedInterfaceOrientations_iPhone = "UIInterfaceOrientationPortrait UIInterfaceOrientationLandscapeLeft UIInterfaceOrientationLandscapeRight";
				LD_RUNPATH_SEARCH_PATHS = (
					"$(inherited)",
					"@executable_path/Frameworks",
				);
				MARKETING_VERSION = 1.0;
				PRODUCT_BUNDLE_IDENTIFIER = com.develaw.Tuira;
				PRODUCT_NAME = "$(TARGET_NAME)";
				SWIFT_EMIT_LOC_STRINGS = YES;
				SWIFT_VERSION = 5.0;
				TARGETED_DEVICE_FAMILY = "1,2";
			};
			name = Debug;
		};
		C437CE102856511000A8A3AB /* Release */ = {
			isa = XCBuildConfiguration;
			buildSettings = {
				ASSETCATALOG_COMPILER_APPICON_NAME = AppIcon;
				ASSETCATALOG_COMPILER_GLOBAL_ACCENT_COLOR_NAME = AccentColor;
				CODE_SIGN_STYLE = Automatic;
				CURRENT_PROJECT_VERSION = 1;
				DEVELOPMENT_ASSET_PATHS = "\"Tuira/Preview Content\"";
				DEVELOPMENT_TEAM = GZPNWT798Z;
				ENABLE_PREVIEWS = YES;
				GENERATE_INFOPLIST_FILE = YES;
				INFOPLIST_KEY_UIApplicationSceneManifest_Generation = YES;
				INFOPLIST_KEY_UIApplicationSupportsIndirectInputEvents = YES;
				INFOPLIST_KEY_UILaunchScreen_Generation = YES;
				INFOPLIST_KEY_UISupportedInterfaceOrientations_iPad = "UIInterfaceOrientationPortrait UIInterfaceOrientationPortraitUpsideDown UIInterfaceOrientationLandscapeLeft UIInterfaceOrientationLandscapeRight";
				INFOPLIST_KEY_UISupportedInterfaceOrientations_iPhone = "UIInterfaceOrientationPortrait UIInterfaceOrientationLandscapeLeft UIInterfaceOrientationLandscapeRight";
				LD_RUNPATH_SEARCH_PATHS = (
					"$(inherited)",
					"@executable_path/Frameworks",
				);
				MARKETING_VERSION = 1.0;
				PRODUCT_BUNDLE_IDENTIFIER = com.develaw.Tuira;
				PRODUCT_NAME = "$(TARGET_NAME)";
				SWIFT_EMIT_LOC_STRINGS = YES;
				SWIFT_VERSION = 5.0;
				TARGETED_DEVICE_FAMILY = "1,2";
			};
			name = Release;
		};
/* End XCBuildConfiguration section */

/* Begin XCConfigurationList section */
		C437CDFB2856510F00A8A3AB /* Build configuration list for PBXProject "Tuira" */ = {
			isa = XCConfigurationList;
			buildConfigurations = (
				C437CE0C2856511000A8A3AB /* Debug */,
				C437CE0D2856511000A8A3AB /* Release */,
			);
			defaultConfigurationIsVisible = 0;
			defaultConfigurationName = Release;
		};
		C437CE0E2856511000A8A3AB /* Build configuration list for PBXNativeTarget "Tuira" */ = {
			isa = XCConfigurationList;
			buildConfigurations = (
				C437CE0F2856511000A8A3AB /* Debug */,
				C437CE102856511000A8A3AB /* Release */,
			);
			defaultConfigurationIsVisible = 0;
			defaultConfigurationName = Release;
		};
/* End XCConfigurationList section */
	};
	rootObject = C437CDF82856510F00A8A3AB /* Project object */;
}
